
Microsoft Visual Studio Solution File, Format Version 12.00
# Visual Studio 2012
Project("{FAE04EC0-301F-11D3-BF4B-00C04F79EFBC}") = "DirectoryServices", "DirectoryServices\DirectoryServices.csproj", "{94655709-3F71-4BC3-961B-CDA205E9B9DE}"
EndProject
Project("{FAE04EC0-301F-11D3-BF4B-00C04F79EFBC}") = "DirectoryServices.Tests", "DirectoryServices.Tests\DirectoryServices.Tests.csproj", "{D2E37746-519E-401A-BAC7-8279D6314EA9}"
EndProject
Project("{2150E333-8FDC-42A3-9474-1A3956D46DE8}") = "Solution Items", "Solution Items", "{B9AEF459-7DC6-4F80-AD20-D4F038DF7680}"
	ProjectSection(SolutionItems) = preProject
		DirectoryServices.vsmdi = DirectoryServices.vsmdi
		Local.testsettings = Local.testsettings
		TraceAndTestImpact.testsettings = TraceAndTestImpact.testsettings
	EndProjectSection
EndProject
Global
	GlobalSection(TeamFoundationVersionControl) = preSolution
		SccNumberOfProjects = 3
		SccEnterpriseProvider = {4CA58AB2-18FA-4F8D-95D4-32DDF27D184C}
		SccTeamFoundationServer = https://tfs.codeplex.com/tfs/tfs36
		SccLocalPath0 = .
		SccProjectUniqueName1 = DirectoryServices.Tests\\DirectoryServices.Tests.csproj
		SccProjectName1 = DirectoryServices.Tests
		SccLocalPath1 = DirectoryServices.Tests
		SccProjectUniqueName2 = DirectoryServices\\DirectoryServices.csproj
		SccProjectName2 = DirectoryServices
		SccLocalPath2 = DirectoryServices
	EndGlobalSection
	GlobalSection(TestCaseManagementSettings) = postSolution
		CategoryFile = DirectoryServices.vsmdi
	EndGlobalSection
	GlobalSection(SolutionConfigurationPlatforms) = preSolution
		Debug|Any CPU = Debug|Any CPU
		Release|Any CPU = Release|Any CPU
	EndGlobalSection
	GlobalSection(ProjectConfigurationPlatforms) = postSolution
		{94655709-3F71-4BC3-961B-CDA205E9B9DE}.Debug|Any CPU.ActiveCfg = Debug|Any CPU
		{94655709-3F71-4BC3-961B-CDA205E9B9DE}.Debug|Any CPU.Build.0 = Debug|Any CPU
		{94655709-3F71-4BC3-961B-CDA205E9B9DE}.Release|Any CPU.ActiveCfg = Release|Any CPU
		{94655709-3F71-4BC3-961B-CDA205E9B9DE}.Release|Any CPU.Build.0 = Release|Any CPU
		{D2E37746-519E-401A-BAC7-8279D6314EA9}.Debug|Any CPU.ActiveCfg = Debug|Any CPU
		{D2E37746-519E-401A-BAC7-8279D6314EA9}.Debug|Any CPU.Build.0 = Debug|Any CPU
		{D2E37746-519E-401A-BAC7-8279D6314EA9}.Release|Any CPU.ActiveCfg = Release|Any CPU
		{D2E37746-519E-401A-BAC7-8279D6314EA9}.Release|Any CPU.Build.0 = Release|Any CPU
	EndGlobalSection
	GlobalSection(SolutionProperties) = preSolution
		HideSolutionNode = FALSE
	EndGlobalSection
EndGlobal
